
Microsoft Visual Studio Solution File, Format Version 12.00
# Visual Studio Version 17
VisualStudioVersion = 17.4.33122.133
MinimumVisualStudioVersion = 10.0.40219.1
Project("{FAE04EC0-301F-11D3-BF4B-00C04F79EFBC}") = "CRUD", "CRUD\CRUD.csproj", "{1D5A6091-DDFC-43E6-AA6E-CA552A7A7007}"
EndProject
Global
	GlobalSection(SolutionConfigurationPlatforms) = preSolution
		Debug|Any CPU = Debug|Any CPU
		Release|Any CPU = Release|Any CPU
	EndGlobalSection
	GlobalSection(ProjectConfigurationPlatforms) = postSolution
		{1D5A6091-DDFC-43E6-AA6E-CA552A7A7007}.Debug|Any CPU.ActiveCfg = Debug|Any CPU
		{1D5A6091-DDFC-43E6-AA6E-CA552A7A7007}.Debug|Any CPU.Build.0 = Debug|Any CPU
		{1D5A6091-DDFC-43E6-AA6E-CA552A7A7007}.Release|Any CPU.ActiveCfg = Release|Any CPU
		{1D5A6091-DDFC-43E6-AA6E-CA552A7A7007}.Release|Any CPU.Build.0 = Release|Any CPU
	EndGlobalSection
	GlobalSection(SolutionProperties) = preSolution
		HideSolutionNode = FALSE
	EndGlobalSection
	GlobalSection(ExtensibilityGlobals) = postSolution
		SolutionGuid = {D6CA6343-CBAD-4A21-9E66-71C8372B58E6}
	EndGlobalSection
EndGlobal
